github.com/azwwz/dog v0.0.0-20241114115050-37c9fa650ae6 h1:9dIxZJvj+wA0JaggEbodoeh0jx8tp3AZtvpov9wrXo8=
github.com/azwwz/dog v0.0.0-20241114115050-37c9fa650ae6/go.mod h1:44ppTJs0disD5HZzdxrP4yIWmecXL3g7PtYmJmogSOI=
github.com/azwwz/puppy v0.0.0-20241114120935-dd8e5725bd5e h1:WkWwglELgWlghjCbZELueiZ5ooDxVWKhWTOyM/5RHAk=
github.com/azwwz/puppy v0.0.0-20241114120935-dd8e5725bd5e/go.mod h1:CnqdOstxQdsERq1OnDPvqUdcKpeaya0T8RiLs/SEKZo=
github.com/azwwz/puppy v1.3.0 h1:RZy2ZP46wq/I+3KPweYnQNFcJUTlsDXL97BrUhLR5V0=
github.com/azwwz/puppy v1.3.0/go.mod h1:CnqdOstxQdsERq1OnDPvqUdcKpeaya0T8RiLs/SEKZo=
